// !$*UTF8*$!
{
	archiveVersion = 1;
	classes = {
	};
	objectVersion = 50;
	objects = {

/* Begin PBXBuildFile section */
		FC7FC92120CC46210019FE9B /* SeperatedScheme.xcdatamodeld in Sources */ = {isa = PBXBuildFile; fileRef = FCFD091C20C984400020EFB4 /* SeperatedScheme.xcdatamodeld */; };
		FC7FC92320CC46210019FE9B /* ViewController.swift in Sources */ = {isa = PBXBuildFile; fileRef = FCFD096020C98D400020EFB4 /* ViewController.swift */; };
		FC7FC92420CC46210019FE9B /* AppDelegate.swift in Sources */ = {isa = PBXBuildFile; fileRef = FCFD091520C984400020EFB4 /* AppDelegate.swift */; };
		FC7FC92520CC46210019FE9B /* SchemeProtocol.swift.swift in Sources */ = {isa = PBXBuildFile; fileRef = FCFD096420C98DFC0020EFB4 /* SchemeProtocol.swift.swift */; };
		FC7FC92820CC46210019FE9B /* LaunchScreen.storyboard in Resources */ = {isa = PBXBuildFile; fileRef = FCFD092120C984420020EFB4 /* LaunchScreen.storyboard */; };
		FC7FC92A20CC46210019FE9B /* Main.storyboard in Resources */ = {isa = PBXBuildFile; fileRef = FCFD091920C984400020EFB4 /* Main.storyboard */; };
		FC7FC93020CC46310019FE9B /* ViewController+SchemeB.swift in Sources */ = {isa = PBXBuildFile; fileRef = FCFD096920C997830020EFB4 /* ViewController+SchemeB.swift */; };
		FC7FC93120CC4A180019FE9B /* Assets.xcassets in Resources */ = {isa = PBXBuildFile; fileRef = FCFD091F20C984420020EFB4 /* Assets.xcassets */; };
		FCFD091620C984400020EFB4 /* AppDelegate.swift in Sources */ = {isa = PBXBuildFile; fileRef = FCFD091520C984400020EFB4 /* AppDelegate.swift */; };
		FCFD091B20C984400020EFB4 /* Main.storyboard in Resources */ = {isa = PBXBuildFile; fileRef = FCFD091920C984400020EFB4 /* Main.storyboard */; };
		FCFD091E20C984400020EFB4 /* SeperatedScheme.xcdatamodeld in Sources */ = {isa = PBXBuildFile; fileRef = FCFD091C20C984400020EFB4 /* SeperatedScheme.xcdatamodeld */; };
		FCFD092320C984420020EFB4 /* LaunchScreen.storyboard in Resources */ = {isa = PBXBuildFile; fileRef = FCFD092120C984420020EFB4 /* LaunchScreen.storyboard */; };
		FCFD092E20C984420020EFB4 /* SeperatedSchemeTests.swift in Sources */ = {isa = PBXBuildFile; fileRef = FCFD092D20C984420020EFB4 /* SeperatedSchemeTests.swift */; };
		FCFD096120C98D400020EFB4 /* ViewController.swift in Sources */ = {isa = PBXBuildFile; fileRef = FCFD096020C98D400020EFB4 /* ViewController.swift */; };
		FCFD096520C98DFC0020EFB4 /* SchemeProtocol.swift.swift in Sources */ = {isa = PBXBuildFile; fileRef = FCFD096420C98DFC0020EFB4 /* SchemeProtocol.swift.swift */; };
		FCFD096820C997730020EFB4 /* ViewController+SchemeA.swift in Sources */ = {isa = PBXBuildFile; fileRef = FCFD096720C997730020EFB4 /* ViewController+SchemeA.swift */; };
/* End PBXBuildFile section */

/* Begin PBXContainerItemProxy section */
		FCFD092A20C984420020EFB4 /* PBXContainerItemProxy */ = {
			isa = PBXContainerItemProxy;
			containerPortal = FCFD090A20C984400020EFB4 /* Project object */;
			proxyType = 1;
			remoteGlobalIDString = FCFD091120C984400020EFB4;
			remoteInfo = SeperatedScheme;
		};
/* End PBXContainerItemProxy section */

/* Begin PBXFileReference section */
		FC7FC92E20CC46210019FE9B /* SchemeB.app */ = {isa = PBXFileReference; explicitFileType = wrapper.application; includeInIndex = 0; path = SchemeB.app; sourceTree = BUILT_PRODUCTS_DIR; };
		FCFD091220C984400020EFB4 /* SchemeA.app */ = {isa = PBXFileReference; explicitFileType = wrapper.application; includeInIndex = 0; path = SchemeA.app; sourceTree = BUILT_PRODUCTS_DIR; };
		FCFD091520C984400020EFB4 /* AppDelegate.swift */ = {isa = PBXFileReference; lastKnownFileType = sourcecode.swift; path = AppDelegate.swift; sourceTree = "<group>"; };
		FCFD091A20C984400020EFB4 /* Base */ = {isa = PBXFileReference; lastKnownFileType = file.storyboard; name = Base; path = Base.lproj/Main.storyboard; sourceTree = "<group>"; };
		FCFD091D20C984400020EFB4 /* SeperatedScheme.xcdatamodel */ = {isa = PBXFileReference; lastKnownFileType = wrapper.xcdatamodel; path = SeperatedScheme.xcdatamodel; sourceTree = "<group>"; };
		FCFD091F20C984420020EFB4 /* Assets.xcassets */ = {isa = PBXFileReference; lastKnownFileType = folder.assetcatalog; path = Assets.xcassets; sourceTree = "<group>"; };
		FCFD092220C984420020EFB4 /* Base */ = {isa = PBXFileReference; lastKnownFileType = file.storyboard; name = Base; path = Base.lproj/LaunchScreen.storyboard; sourceTree = "<group>"; };
		FCFD092420C984420020EFB4 /* Info.plist */ = {isa = PBXFileReference; lastKnownFileType = text.plist.xml; path = Info.plist; sourceTree = "<group>"; };
		FCFD092920C984420020EFB4 /* SchemeATests.xctest */ = {isa = PBXFileReference; explicitFileType = wrapper.cfbundle; includeInIndex = 0; path = SchemeATests.xctest; sourceTree = BUILT_PRODUCTS_DIR; };
		FCFD092D20C984420020EFB4 /* SeperatedSchemeTests.swift */ = {isa = PBXFileReference; lastKnownFileType = sourcecode.swift; path = SeperatedSchemeTests.swift; sourceTree = "<group>"; };
		FCFD092F20C984420020EFB4 /* Info.plist */ = {isa = PBXFileReference; lastKnownFileType = text.plist.xml; path = Info.plist; sourceTree = "<group>"; };
		FCFD095220C9853B0020EFB4 /* SchemeBTests.xctest */ = {isa = PBXFileReference; explicitFileType = wrapper.cfbundle; includeInIndex = 0; path = SchemeBTests.xctest; sourceTree = BUILT_PRODUCTS_DIR; };
		FCFD096020C98D400020EFB4 /* ViewController.swift */ = {isa = PBXFileReference; fileEncoding = 4; lastKnownFileType = sourcecode.swift; path = ViewController.swift; sourceTree = "<group>"; };
		FCFD096420C98DFC0020EFB4 /* SchemeProtocol.swift.swift */ = {isa = PBXFileReference; lastKnownFileType = sourcecode.swift; path = SchemeProtocol.swift.swift; sourceTree = "<group>"; };
		FCFD096720C997730020EFB4 /* ViewController+SchemeA.swift */ = {isa = PBXFileReference; lastKnownFileType = sourcecode.swift; path = "ViewController+SchemeA.swift"; sourceTree = "<group>"; };
		FCFD096920C997830020EFB4 /* ViewController+SchemeB.swift */ = {isa = PBXFileReference; lastKnownFileType = sourcecode.swift; path = "ViewController+SchemeB.swift"; sourceTree = "<group>"; };
/* End PBXFileReference section */

/* Begin PBXFrameworksBuildPhase section */
		FC7FC92620CC46210019FE9B /* Frameworks */ = {
			isa = PBXFrameworksBuildPhase;
			buildActionMask = 2147483647;
			files = (
			);
			runOnlyForDeploymentPostprocessing = 0;
		};
		FCFD090F20C984400020EFB4 /* Frameworks */ = {
			isa = PBXFrameworksBuildPhase;
			buildActionMask = 2147483647;
			files = (
			);
			runOnlyForDeploymentPostprocessing = 0;
		};
		FCFD092620C984420020EFB4 /* Frameworks */ = {
			isa = PBXFrameworksBuildPhase;
			buildActionMask = 2147483647;
			files = (
			);
			runOnlyForDeploymentPostprocessing = 0;
		};
		FCFD094F20C9853B0020EFB4 /* Frameworks */ = {
			isa = PBXFrameworksBuildPhase;
			buildActionMask = 2147483647;
			files = (
			);
			runOnlyForDeploymentPostprocessing = 0;
		};
/* End PBXFrameworksBuildPhase section */

/* Begin PBXGroup section */
		FCFD090920C984400020EFB4 = {
			isa = PBXGroup;
			children = (
				FCFD091420C984400020EFB4 /* SeperatedScheme */,
				FCFD092C20C984420020EFB4 /* SeperatedSchemeTests */,
				FCFD091320C984400020EFB4 /* Products */,
			);
			sourceTree = "<group>";
		};
		FCFD091320C984400020EFB4 /* Products */ = {
			isa = PBXGroup;
			children = (
				FCFD091220C984400020EFB4 /* SchemeA.app */,
				FCFD092920C984420020EFB4 /* SchemeATests.xctest */,
				FCFD095220C9853B0020EFB4 /* SchemeBTests.xctest */,
				FC7FC92E20CC46210019FE9B /* SchemeB.app */,
			);
			name = Products;
			sourceTree = "<group>";
		};
		FCFD091420C984400020EFB4 /* SeperatedScheme */ = {
			isa = PBXGroup;
			children = (
				FCFD091520C984400020EFB4 /* AppDelegate.swift */,
				FCFD091920C984400020EFB4 /* Main.storyboard */,
				FCFD095F20C98D400020EFB4 /* ViewControllers */,
				FCFD091F20C984420020EFB4 /* Assets.xcassets */,
				FCFD092120C984420020EFB4 /* LaunchScreen.storyboard */,
				FCFD092420C984420020EFB4 /* Info.plist */,
				FCFD091C20C984400020EFB4 /* SeperatedScheme.xcdatamodeld */,
			);
			path = SeperatedScheme;
			sourceTree = "<group>";
		};
		FCFD092C20C984420020EFB4 /* SeperatedSchemeTests */ = {
			isa = PBXGroup;
			children = (
				FCFD092D20C984420020EFB4 /* SeperatedSchemeTests.swift */,
				FCFD092F20C984420020EFB4 /* Info.plist */,
			);
			path = SeperatedSchemeTests;
			sourceTree = "<group>";
		};
		FCFD095F20C98D400020EFB4 /* ViewControllers */ = {
			isa = PBXGroup;
			children = (
				FCFD096420C98DFC0020EFB4 /* SchemeProtocol.swift.swift */,
				FCFD096020C98D400020EFB4 /* ViewController.swift */,
				FCFD096720C997730020EFB4 /* ViewController+SchemeA.swift */,
				FCFD096920C997830020EFB4 /* ViewController+SchemeB.swift */,
			);
			path = ViewControllers;
			sourceTree = "<group>";
		};
/* End PBXGroup section */

/* Begin PBXNativeTarget section */
		FC7FC91F20CC46210019FE9B /* SchemeB */ = {
			isa = PBXNativeTarget;
			buildConfigurationList = FC7FC92B20CC46210019FE9B /* Build configuration list for PBXNativeTarget "SchemeB" */;
			buildPhases = (
				FC7FC92020CC46210019FE9B /* Sources */,
				FC7FC92620CC46210019FE9B /* Frameworks */,
				FC7FC92720CC46210019FE9B /* Resources */,
			);
			buildRules = (
			);
			dependencies = (
			);
			name = SchemeB;
			productName = SeperatedScheme;
			productReference = FC7FC92E20CC46210019FE9B /* SchemeB.app */;
			productType = "com.apple.product-type.application";
		};
		FCFD091120C984400020EFB4 /* SchemeA */ = {
			isa = PBXNativeTarget;
			buildConfigurationList = FCFD093220C984420020EFB4 /* Build configuration list for PBXNativeTarget "SchemeA" */;
			buildPhases = (
				FCFD090E20C984400020EFB4 /* Sources */,
				FCFD090F20C984400020EFB4 /* Frameworks */,
				FCFD091020C984400020EFB4 /* Resources */,
			);
			buildRules = (
			);
			dependencies = (
			);
			name = SchemeA;
			productName = SeperatedScheme;
			productReference = FCFD091220C984400020EFB4 /* SchemeA.app */;
			productType = "com.apple.product-type.application";
		};
		FCFD092820C984420020EFB4 /* SchemeATests */ = {
			isa = PBXNativeTarget;
			buildConfigurationList = FCFD093520C984420020EFB4 /* Build configuration list for PBXNativeTarget "SchemeATests" */;
			buildPhases = (
				FCFD092520C984420020EFB4 /* Sources */,
				FCFD092620C984420020EFB4 /* Frameworks */,
				FCFD092720C984420020EFB4 /* Resources */,
			);
			buildRules = (
			);
			dependencies = (
				FCFD092B20C984420020EFB4 /* PBXTargetDependency */,
			);
			name = SchemeATests;
			productName = SeperatedSchemeTests;
			productReference = FCFD092920C984420020EFB4 /* SchemeATests.xctest */;
			productType = "com.apple.product-type.bundle.unit-test";
		};
		FCFD095120C9853B0020EFB4 /* SchemeBTests */ = {
			isa = PBXNativeTarget;
			buildConfigurationList = FCFD095C20C9853B0020EFB4 /* Build configuration list for PBXNativeTarget "SchemeBTests" */;
			buildPhases = (
				FCFD094E20C9853B0020EFB4 /* Sources */,
				FCFD094F20C9853B0020EFB4 /* Frameworks */,
				FCFD095020C9853B0020EFB4 /* Resources */,
			);
			buildRules = (
			);
			dependencies = (
			);
			name = SchemeBTests;
			productName = SchemeBTests;
			productReference = FCFD095220C9853B0020EFB4 /* SchemeBTests.xctest */;
			productType = "com.apple.product-type.bundle.unit-test";
		};
/* End PBXNativeTarget section */

/* Begin PBXProject section */
		FCFD090A20C984400020EFB4 /* Project object */ = {
			isa = PBXProject;
			attributes = {
				LastSwiftUpdateCheck = 0940;
				LastUpgradeCheck = 0940;
				ORGANIZATIONNAME = WishCan;
				TargetAttributes = {
					FCFD091120C984400020EFB4 = {
						CreatedOnToolsVersion = 9.4;
					};
					FCFD092820C984420020EFB4 = {
						CreatedOnToolsVersion = 9.4;
						TestTargetID = FCFD091120C984400020EFB4;
					};
					FCFD095120C9853B0020EFB4 = {
						CreatedOnToolsVersion = 9.4;
						TestTargetID = FCFD093B20C9853A0020EFB4;
					};
				};
			};
			buildConfigurationList = FCFD090D20C984400020EFB4 /* Build configuration list for PBXProject "SeperatedScheme" */;
			compatibilityVersion = "Xcode 9.3";
			developmentRegion = en;
			hasScannedForEncodings = 0;
			knownRegions = (
				en,
				Base,
			);
			mainGroup = FCFD090920C984400020EFB4;
			productRefGroup = FCFD091320C984400020EFB4 /* Products */;
			projectDirPath = "";
			projectRoot = "";
			targets = (
				FCFD091120C984400020EFB4 /* SchemeA */,
				FCFD092820C984420020EFB4 /* SchemeATests */,
				FC7FC91F20CC46210019FE9B /* SchemeB */,
				FCFD095120C9853B0020EFB4 /* SchemeBTests */,
			);
		};
/* End PBXProject section */

/* Begin PBXResourcesBuildPhase section */
		FC7FC92720CC46210019FE9B /* Resources */ = {
			isa = PBXResourcesBuildPhase;
			buildActionMask = 2147483647;
			files = (
				FC7FC92820CC46210019FE9B /* LaunchScreen.storyboard in Resources */,
				FC7FC92A20CC46210019FE9B /* Main.storyboard in Resources */,
			);
			runOnlyForDeploymentPostprocessing = 0;
		};
		FCFD091020C984400020EFB4 /* Resources */ = {
			isa = PBXResourcesBuildPhase;
			buildActionMask = 2147483647;
			files = (
				FCFD092320C984420020EFB4 /* LaunchScreen.storyboard in Resources */,
				FC7FC93120CC4A180019FE9B /* Assets.xcassets in Resources */,
				FCFD091B20C984400020EFB4 /* Main.storyboard in Resources */,
			);
			runOnlyForDeploymentPostprocessing = 0;
		};
		FCFD092720C984420020EFB4 /* Resources */ = {
			isa = PBXResourcesBuildPhase;
			buildActionMask = 2147483647;
			files = (
			);
			runOnlyForDeploymentPostprocessing = 0;
		};
		FCFD095020C9853B0020EFB4 /* Resources */ = {
			isa = PBXResourcesBuildPhase;
			buildActionMask = 2147483647;
			files = (
			);
			runOnlyForDeploymentPostprocessing = 0;
		};
/* End PBXResourcesBuildPhase section */

/* Begin PBXSourcesBuildPhase section */
		FC7FC92020CC46210019FE9B /* Sources */ = {
			isa = PBXSourcesBuildPhase;
			buildActionMask = 2147483647;
			files = (
				FC7FC92120CC46210019FE9B /* SeperatedScheme.xcdatamodeld in Sources */,
				FC7FC92320CC46210019FE9B /* ViewController.swift in Sources */,
				FC7FC92420CC46210019FE9B /* AppDelegate.swift in Sources */,
				FC7FC93020CC46310019FE9B /* ViewController+SchemeB.swift in Sources */,
				FC7FC92520CC46210019FE9B /* SchemeProtocol.swift.swift in Sources */,
			);
			runOnlyForDeploymentPostprocessing = 0;
		};
		FCFD090E20C984400020EFB4 /* Sources */ = {
			isa = PBXSourcesBuildPhase;
			buildActionMask = 2147483647;
			files = (
				FCFD091E20C984400020EFB4 /* SeperatedScheme.xcdatamodeld in Sources */,
				FCFD096820C997730020EFB4 /* ViewController+SchemeA.swift in Sources */,
				FCFD096120C98D400020EFB4 /* ViewController.swift in Sources */,
				FCFD091620C984400020EFB4 /* AppDelegate.swift in Sources */,
				FCFD096520C98DFC0020EFB4 /* SchemeProtocol.swift.swift in Sources */,
			);
			runOnlyForDeploymentPostprocessing = 0;
		};
		FCFD092520C984420020EFB4 /* Sources */ = {
			isa = PBXSourcesBuildPhase;
			buildActionMask = 2147483647;
			files = (
				FCFD092E20C984420020EFB4 /* SeperatedSchemeTests.swift in Sources */,
			);
			runOnlyForDeploymentPostprocessing = 0;
		};
		FCFD094E20C9853B0020EFB4 /* Sources */ = {
			isa = PBXSourcesBuildPhase;
			buildActionMask = 2147483647;
			files = (
			);
			runOnlyForDeploymentPostprocessing = 0;
		};
/* End PBXSourcesBuildPhase section */

/* Begin PBXTargetDependency section */
		FCFD092B20C984420020EFB4 /* PBXTargetDependency */ = {
			isa = PBXTargetDependency;
			target = FCFD091120C984400020EFB4 /* SchemeA */;
			targetProxy = FCFD092A20C984420020EFB4 /* PBXContainerItemProxy */;
		};
/* End PBXTargetDependency section */

/* Begin PBXVariantGroup section */
		FCFD091920C984400020EFB4 /* Main.storyboard */ = {
			isa = PBXVariantGroup;
			children = (
				FCFD091A20C984400020EFB4 /* Base */,
			);
			name = Main.storyboard;
			sourceTree = "<group>";
		};
		FCFD092120C984420020EFB4 /* LaunchScreen.storyboard */ = {
			isa = PBXVariantGroup;
			children = (
				FCFD092220C984420020EFB4 /* Base */,
			);
			name = LaunchScreen.storyboard;
			sourceTree = "<group>";
		};
/* End PBXVariantGroup section */

/* Begin XCBuildConfiguration section */
		FC7FC92C20CC46210019FE9B /* Debug */ = {
			isa = XCBuildConfiguration;
			buildSettings = {
				ASSETCATALOG_COMPILER_APPICON_NAME = AppIcon;
				CODE_SIGN_STYLE = Manual;
				DEVELOPMENT_TEAM = "";
				INFOPLIST_FILE = SeperatedScheme/Info.plist;
				LD_RUNPATH_SEARCH_PATHS = (
					"$(inherited)",
					"@executable_path/Frameworks",
				);
				PRODUCT_BUNDLE_IDENTIFIER = www.wishcan.com.tw.SchemeB;
				PRODUCT_NAME = "$(TARGET_NAME)";
				PROVISIONING_PROFILE_SPECIFIER = "";
				SWIFT_VERSION = 4.0;
				TARGETED_DEVICE_FAMILY = "1,2";
			};
			name = Debug;
		};
		FC7FC92D20CC46210019FE9B /* Release */ = {
			isa = XCBuildConfiguration;
			buildSettings = {
				ASSETCATALOG_COMPILER_APPICON_NAME = AppIcon;
				CODE_SIGN_STYLE = Manual;
				DEVELOPMENT_TEAM = "";
				INFOPLIST_FILE = SeperatedScheme/Info.plist;
				LD_RUNPATH_SEARCH_PATHS = (
					"$(inherited)",
					"@executable_path/Frameworks",
				);
				PRODUCT_BUNDLE_IDENTIFIER = www.wishcan.com.tw.SchemeB;
				PRODUCT_NAME = "$(TARGET_NAME)";
				PROVISIONING_PROFILE_SPECIFIER = "";
				SWIFT_VERSION = 4.0;
				TARGETED_DEVICE_FAMILY = "1,2";
			};
			name = Release;
		};
		FCFD093020C984420020EFB4 /* Debug */ = {
			isa = XCBuildConfiguration;
			buildSettings = {
				ALWAYS_SEARCH_USER_PATHS = NO;
				CLANG_ANALYZER_NONNULL = YES;
				CLANG_ANALYZER_NUMBER_OBJECT_CONVERSION = YES_AGGRESSIVE;
				CLANG_CXX_LANGUAGE_STANDARD = "gnu++14";
				CLANG_CXX_LIBRARY = "libc++";
				CLANG_ENABLE_MODULES = YES;
				CLANG_ENABLE_OBJC_ARC = YES;
				CLANG_ENABLE_OBJC_WEAK = YES;
				CLANG_WARN_BLOCK_CAPTURE_AUTORELEASING = YES;
				CLANG_WARN_BOOL_CONVERSION = YES;
				CLANG_WARN_COMMA = YES;
				CLANG_WARN_CONSTANT_CONVERSION = YES;
				CLANG_WARN_DEPRECATED_OBJC_IMPLEMENTATIONS = YES;
				CLANG_WARN_DIRECT_OBJC_ISA_USAGE = YES_ERROR;
				CLANG_WARN_DOCUMENTATION_COMMENTS = YES;
				CLANG_WARN_EMPTY_BODY = YES;
				CLANG_WARN_ENUM_CONVERSION = YES;
				CLANG_WARN_INFINITE_RECURSION = YES;
				CLANG_WARN_INT_CONVERSION = YES;
				CLANG_WARN_NON_LITERAL_NULL_CONVERSION = YES;
				CLANG_WARN_OBJC_IMPLICIT_RETAIN_SELF = YES;
				CLANG_WARN_OBJC_LITERAL_CONVERSION = YES;
				CLANG_WARN_OBJC_ROOT_CLASS = YES_ERROR;
				CLANG_WARN_RANGE_LOOP_ANALYSIS = YES;
				CLANG_WARN_STRICT_PROTOTYPES = YES;
				CLANG_WARN_SUSPICIOUS_MOVE = YES;
				CLANG_WARN_UNGUARDED_AVAILABILITY = YES_AGGRESSIVE;
				CLANG_WARN_UNREACHABLE_CODE = YES;
				CLANG_WARN__DUPLICATE_METHOD_MATCH = YES;
				CODE_SIGN_IDENTITY = "iPhone Developer";
				COPY_PHASE_STRIP = NO;
				DEBUG_INFORMATION_FORMAT = dwarf;
				ENABLE_STRICT_OBJC_MSGSEND = YES;
				ENABLE_TESTABILITY = YES;
				GCC_C_LANGUAGE_STANDARD = gnu11;
				GCC_DYNAMIC_NO_PIC = NO;
				GCC_NO_COMMON_BLOCKS = YES;
				GCC_OPTIMIZATION_LEVEL = 0;
				GCC_PREPROCESSOR_DEFINITIONS = (
					"DEBUG=1",
					"$(inherited)",
				);
				GCC_WARN_64_TO_32_BIT_CONVERSION = YES;
				GCC_WARN_ABOUT_RETURN_TYPE = YES_ERROR;
				GCC_WARN_UNDECLARED_SELECTOR = YES;
				GCC_WARN_UNINITIALIZED_AUTOS = YES_AGGRESSIVE;
				GCC_WARN_UNUSED_FUNCTION = YES;
				GCC_WARN_UNUSED_VARIABLE = YES;
				IPHONEOS_DEPLOYMENT_TARGET = 11.4;
				MTL_ENABLE_DEBUG_INFO = YES;
				ONLY_ACTIVE_ARCH = YES;
				SDKROOT = iphoneos;
				SWIFT_ACTIVE_COMPILATION_CONDITIONS = DEBUG;
				SWIFT_OPTIMIZATION_LEVEL = "-Onone";
			};
			name = Debug;
		};
		FCFD093120C984420020EFB4 /* Release */ = {
			isa = XCBuildConfiguration;
			buildSettings = {
				ALWAYS_SEARCH_USER_PATHS = NO;
				CLANG_ANALYZER_NONNULL = YES;
				CLANG_ANALYZER_NUMBER_OBJECT_CONVERSION = YES_AGGRESSIVE;
				CLANG_CXX_LANGUAGE_STANDARD = "gnu++14";
				CLANG_CXX_LIBRARY = "libc++";
				CLANG_ENABLE_MODULES = YES;
				CLANG_ENABLE_OBJC_ARC = YES;
				CLANG_ENABLE_OBJC_WEAK = YES;
				CLANG_WARN_BLOCK_CAPTURE_AUTORELEASING = YES;
				CLANG_WARN_BOOL_CONVERSION = YES;
				CLANG_WARN_COMMA = YES;
				CLANG_WARN_CONSTANT_CONVERSION = YES;
				CLANG_WARN_DEPRECATED_OBJC_IMPLEMENTATIONS = YES;
				CLANG_WARN_DIRECT_OBJC_ISA_USAGE = YES_ERROR;
				CLANG_WARN_DOCUMENTATION_COMMENTS = YES;
				CLANG_WARN_EMPTY_BODY = YES;
				CLANG_WARN_ENUM_CONVERSION = YES;
				CLANG_WARN_INFINITE_RECURSION = YES;
				CLANG_WARN_INT_CONVERSION = YES;
				CLANG_WARN_NON_LITERAL_NULL_CONVERSION = YES;
				CLANG_WARN_OBJC_IMPLICIT_RETAIN_SELF = YES;
				CLANG_WARN_OBJC_LITERAL_CONVERSION = YES;
				CLANG_WARN_OBJC_ROOT_CLASS = YES_ERROR;
				CLANG_WARN_RANGE_LOOP_ANALYSIS = YES;
				CLANG_WARN_STRICT_PROTOTYPES = YES;
				CLANG_WARN_SUSPICIOUS_MOVE = YES;
				CLANG_WARN_UNGUARDED_AVAILABILITY = YES_AGGRESSIVE;
				CLANG_WARN_UNREACHABLE_CODE = YES;
				CLANG_WARN__DUPLICATE_METHOD_MATCH = YES;
				CODE_SIGN_IDENTITY = "iPhone Developer";
				COPY_PHASE_STRIP = NO;
				DEBUG_INFORMATION_FORMAT = "dwarf-with-dsym";
				ENABLE_NS_ASSERTIONS = NO;
				ENABLE_STRICT_OBJC_MSGSEND = YES;
				GCC_C_LANGUAGE_STANDARD = gnu11;
				GCC_NO_COMMON_BLOCKS = YES;
				GCC_WARN_64_TO_32_BIT_CONVERSION = YES;
				GCC_WARN_ABOUT_RETURN_TYPE = YES_ERROR;
				GCC_WARN_UNDECLARED_SELECTOR = YES;
				GCC_WARN_UNINITIALIZED_AUTOS = YES_AGGRESSIVE;
				GCC_WARN_UNUSED_FUNCTION = YES;
				GCC_WARN_UNUSED_VARIABLE = YES;
				IPHONEOS_DEPLOYMENT_TARGET = 11.4;
				MTL_ENABLE_DEBUG_INFO = NO;
				SDKROOT = iphoneos;
				SWIFT_COMPILATION_MODE = wholemodule;
				SWIFT_OPTIMIZATION_LEVEL = "-O";
				VALIDATE_PRODUCT = YES;
			};
			name = Release;
		};
		FCFD093320C984420020EFB4 /* Debug */ = {
			isa = XCBuildConfiguration;
			buildSettings = {
				ASSETCATALOG_COMPILER_APPICON_NAME = AppIcon;
				CODE_SIGN_STYLE = Manual;
				DEVELOPMENT_TEAM = "";
				INFOPLIST_FILE = SeperatedScheme/Info.plist;
				LD_RUNPATH_SEARCH_PATHS = (
					"$(inherited)",
					"@executable_path/Frameworks",
				);
				PRODUCT_BUNDLE_IDENTIFIER = www.wishcan.com.tw.SchemeA;
				PRODUCT_NAME = "$(TARGET_NAME)";
				PROVISIONING_PROFILE_SPECIFIER = "";
				SWIFT_VERSION = 4.0;
				TARGETED_DEVICE_FAMILY = "1,2";
			};
			name = Debug;
		};
		FCFD093420C984420020EFB4 /* Release */ = {
			isa = XCBuildConfiguration;
			buildSettings = {
				ASSETCATALOG_COMPILER_APPICON_NAME = AppIcon;
				CODE_SIGN_STYLE = Manual;
				DEVELOPMENT_TEAM = "";
				INFOPLIST_FILE = SeperatedScheme/Info.plist;
				LD_RUNPATH_SEARCH_PATHS = (
					"$(inherited)",
					"@executable_path/Frameworks",
				);
				PRODUCT_BUNDLE_IDENTIFIER = www.wishcan.com.tw.SchemeA;
				PRODUCT_NAME = "$(TARGET_NAME)";
				PROVISIONING_PROFILE_SPECIFIER = "";
				SWIFT_VERSION = 4.0;
				TARGETED_DEVICE_FAMILY = "1,2";
			};
			name = Release;
		};
		FCFD093620C984420020EFB4 /* Debug */ = {
			isa = XCBuildConfiguration;
			buildSettings = {
				ALWAYS_EMBED_SWIFT_STANDARD_LIBRARIES = YES;
				BUNDLE_LOADER = "$(TEST_HOST)";
				CODE_SIGN_STYLE = Automatic;
				INFOPLIST_FILE = SeperatedSchemeTests/Info.plist;
				LD_RUNPATH_SEARCH_PATHS = (
					"$(inherited)",
					"@executable_path/Frameworks",
					"@loader_path/Frameworks",
				);
				PRODUCT_BUNDLE_IDENTIFIER = www.wishcan.com.tw.SeperatedSchemeTests;
				PRODUCT_NAME = "$(TARGET_NAME)";
				SWIFT_VERSION = 4.0;
				TARGETED_DEVICE_FAMILY = "1,2";
				TEST_HOST = "$(BUILT_PRODUCTS_DIR)/SeperatedScheme.app/SeperatedScheme";
			};
			name = Debug;
		};
		FCFD093720C984420020EFB4 /* Release */ = {
			isa = XCBuildConfiguration;
			buildSettings = {
				ALWAYS_EMBED_SWIFT_STANDARD_LIBRARIES = YES;
				BUNDLE_LOADER = "$(TEST_HOST)";
				CODE_SIGN_STYLE = Automatic;
				INFOPLIST_FILE = SeperatedSchemeTests/Info.plist;
				LD_RUNPATH_SEARCH_PATHS = (
					"$(inherited)",
					"@executable_path/Frameworks",
					"@loader_path/Frameworks",
				);
				PRODUCT_BUNDLE_IDENTIFIER = www.wishcan.com.tw.SeperatedSchemeTests;
				PRODUCT_NAME = "$(TARGET_NAME)";
				SWIFT_VERSION = 4.0;
				TARGETED_DEVICE_FAMILY = "1,2";
				TEST_HOST = "$(BUILT_PRODUCTS_DIR)/SeperatedScheme.app/SeperatedScheme";
			};
			name = Release;
		};
		FCFD095D20C9853B0020EFB4 /* Debug */ = {
			isa = XCBuildConfiguration;
			buildSettings = {
				ALWAYS_EMBED_SWIFT_STANDARD_LIBRARIES = YES;
				BUNDLE_LOADER = "$(TEST_HOST)";
				CODE_SIGN_STYLE = Automatic;
				INFOPLIST_FILE = SchemeBTests/Info.plist;
				LD_RUNPATH_SEARCH_PATHS = (
					"$(inherited)",
					"@executable_path/Frameworks",
					"@loader_path/Frameworks",
				);
				PRODUCT_BUNDLE_IDENTIFIER = www.wishcan.com.tw.SchemeBTests;
				PRODUCT_NAME = "$(TARGET_NAME)";
				SWIFT_VERSION = 4.0;
				TARGETED_DEVICE_FAMILY = "1,2";
				TEST_HOST = "$(BUILT_PRODUCTS_DIR)/SchemeB.app/SchemeB";
			};
			name = Debug;
		};
		FCFD095E20C9853B0020EFB4 /* Release */ = {
			isa = XCBuildConfiguration;
			buildSettings = {
				ALWAYS_EMBED_SWIFT_STANDARD_LIBRARIES = YES;
				BUNDLE_LOADER = "$(TEST_HOST)";
				CODE_SIGN_STYLE = Automatic;
				INFOPLIST_FILE = SchemeBTests/Info.plist;
				LD_RUNPATH_SEARCH_PATHS = (
					"$(inherited)",
					"@executable_path/Frameworks",
					"@loader_path/Frameworks",
				);
				PRODUCT_BUNDLE_IDENTIFIER = www.wishcan.com.tw.SchemeBTests;
				PRODUCT_NAME = "$(TARGET_NAME)";
				SWIFT_VERSION = 4.0;
				TARGETED_DEVICE_FAMILY = "1,2";
				TEST_HOST = "$(BUILT_PRODUCTS_DIR)/SchemeB.app/SchemeB";
			};
			name = Release;
		};
/* End XCBuildConfiguration section */

/* Begin XCConfigurationList section */
		FC7FC92B20CC46210019FE9B /* Build configuration list for PBXNativeTarget "SchemeB" */ = {
			isa = XCConfigurationList;
			buildConfigurations = (
				FC7FC92C20CC46210019FE9B /* Debug */,
				FC7FC92D20CC46210019FE9B /* Release */,
			);
			defaultConfigurationIsVisible = 0;
			defaultConfigurationName = Release;
		};
		FCFD090D20C984400020EFB4 /* Build configuration list for PBXProject "SeperatedScheme" */ = {
			isa = XCConfigurationList;
			buildConfigurations = (
				FCFD093020C984420020EFB4 /* Debug */,
				FCFD093120C984420020EFB4 /* Release */,
			);
			defaultConfigurationIsVisible = 0;
			defaultConfigurationName = Release;
		};
		FCFD093220C984420020EFB4 /* Build configuration list for PBXNativeTarget "SchemeA" */ = {
			isa = XCConfigurationList;
			buildConfigurations = (
				FCFD093320C984420020EFB4 /* Debug */,
				FCFD093420C984420020EFB4 /* Release */,
			);
			defaultConfigurationIsVisible = 0;
			defaultConfigurationName = Release;
		};
		FCFD093520C984420020EFB4 /* Build configuration list for PBXNativeTarget "SchemeATests" */ = {
			isa = XCConfigurationList;
			buildConfigurations = (
				FCFD093620C984420020EFB4 /* Debug */,
				FCFD093720C984420020EFB4 /* Release */,
			);
			defaultConfigurationIsVisible = 0;
			defaultConfigurationName = Release;
		};
		FCFD095C20C9853B0020EFB4 /* Build configuration list for PBXNativeTarget "SchemeBTests" */ = {
			isa = XCConfigurationList;
			buildConfigurations = (
				FCFD095D20C9853B0020EFB4 /* Debug */,
				FCFD095E20C9853B0020EFB4 /* Release */,
			);
			defaultConfigurationIsVisible = 0;
			defaultConfigurationName = Release;
		};
/* End XCConfigurationList section */

/* Begin XCVersionGroup section */
		FCFD091C20C984400020EFB4 /* SeperatedScheme.xcdatamodeld */ = {
			isa = XCVersionGroup;
			children = (
				FCFD091D20C984400020EFB4 /* SeperatedScheme.xcdatamodel */,
			);
			currentVersion = FCFD091D20C984400020EFB4 /* SeperatedScheme.xcdatamodel */;
			path = SeperatedScheme.xcdatamodeld;
			sourceTree = "<group>";
			versionGroupType = wrapper.xcdatamodel;
		};
/* End XCVersionGroup section */
	};
	rootObject = FCFD090A20C984400020EFB4 /* Project object */;
}
